Microsoft Visual Studio Solution File, Format Version 11.00
# Visual Studio 2008

Project("{2C4817AB-F85C-C7DF-AAAD-F127E3D8E244}") = "Reynolds", "Assembly-CSharp.csproj", "{A5E39C18-414D-3C22-9B5E-706EA3A81848}"
EndProject
Global
	GlobalSection(SolutionConfigurationPlatforms) = preSolution
		Debug|Any CPU = Debug|Any CPU
		Release|Any CPU = Release|Any CPU
	EndGlobalSection
	GlobalSection(ProjectConfigurationPlatforms) = postSolution
		{A5E39C18-414D-3C22-9B5E-706EA3A81848}.Debug|Any CPU.ActiveCfg = Debug|Any CPU
		{A5E39C18-414D-3C22-9B5E-706EA3A81848}.Debug|Any CPU.Build.0 = Debug|Any CPU
		{A5E39C18-414D-3C22-9B5E-706EA3A81848}.Release|Any CPU.ActiveCfg = Release|Any CPU
		{A5E39C18-414D-3C22-9B5E-706EA3A81848}.Release|Any CPU.Build.0 = Release|Any CPU
	EndGlobalSection
	GlobalSection(SolutionProperties) = preSolution
		HideSolutionNode = FALSE
	EndGlobalSection
	GlobalSection(MonoDevelopProperties) = preSolution
		StartupItem = Assembly-CSharp.csproj
	EndGlobalSection
EndGlobal
